
Microsoft Visual Studio Solution File, Format Version 12.00
# Visual Studio Version 16
VisualStudioVersion = 16.0.29613.14
MinimumVisualStudioVersion = 10.0.40219.1
Project("{FAE04EC0-301F-11D3-BF4B-00C04F79EFBC}") = "PowerENS", "PowerENS\PowerENS.csproj", "{2B88AD5C-B5A3-4998-A76C-4AF1490F141D}"
EndProject
Project("{FAE04EC0-301F-11D3-BF4B-00C04F79EFBC}") = "PowerENS.Infrastructure", "PowerENS.Infrastructure\PowerENS.Infrastructure.csproj", "{38A5BF86-9432-4E84-AD1B-97DB14312DD1}"
EndProject
Project("{FAE04EC0-301F-11D3-BF4B-00C04F79EFBC}") = "PowerENS.KakaoAPI", "PowerENS.KakaoAPI\PowerENS.KakaoAPI.csproj", "{FEA46BA6-744C-4752-BCDD-24CA0EB00338}"
EndProject
Global
	GlobalSection(SolutionConfigurationPlatforms) = preSolution
		Debug|Any CPU = Debug|Any CPU
		Release|Any CPU = Release|Any CPU
	EndGlobalSection
	GlobalSection(ProjectConfigurationPlatforms) = postSolution
		{2B88AD5C-B5A3-4998-A76C-4AF1490F141D}.Debug|Any CPU.ActiveCfg = Debug|Any CPU
		{2B88AD5C-B5A3-4998-A76C-4AF1490F141D}.Debug|Any CPU.Build.0 = Debug|Any CPU
		{2B88AD5C-B5A3-4998-A76C-4AF1490F141D}.Release|Any CPU.ActiveCfg = Release|Any CPU
		{2B88AD5C-B5A3-4998-A76C-4AF1490F141D}.Release|Any CPU.Build.0 = Release|Any CPU
		{38A5BF86-9432-4E84-AD1B-97DB14312DD1}.Debug|Any CPU.ActiveCfg = Debug|Any CPU
		{38A5BF86-9432-4E84-AD1B-97DB14312DD1}.Debug|Any CPU.Build.0 = Debug|Any CPU
		{38A5BF86-9432-4E84-AD1B-97DB14312DD1}.Release|Any CPU.ActiveCfg = Release|Any CPU
		{38A5BF86-9432-4E84-AD1B-97DB14312DD1}.Release|Any CPU.Build.0 = Release|Any CPU
		{FEA46BA6-744C-4752-BCDD-24CA0EB00338}.Debug|Any CPU.ActiveCfg = Debug|Any CPU
		{FEA46BA6-744C-4752-BCDD-24CA0EB00338}.Debug|Any CPU.Build.0 = Debug|Any CPU
		{FEA46BA6-744C-4752-BCDD-24CA0EB00338}.Release|Any CPU.ActiveCfg = Release|Any CPU
		{FEA46BA6-744C-4752-BCDD-24CA0EB00338}.Release|Any CPU.Build.0 = Release|Any CPU
	EndGlobalSection
	GlobalSection(SolutionProperties) = preSolution
		HideSolutionNode = FALSE
	EndGlobalSection
	GlobalSection(ExtensibilityGlobals) = postSolution
		SolutionGuid = {43C235CD-61F8-4D8C-8853-11BD92335110}
	EndGlobalSection
EndGlobal
